
Microsoft Visual Studio Solution File, Format Version 12.00
# Visual Studio Version 16
VisualStudioVersion = 16.0.29709.97
MinimumVisualStudioVersion = 10.0.40219.1
Project("{8BC9CEB8-8B4A-11D0-8D11-00A0C91BC942}") = "function", "function\function.vcxproj", "{303D8A34-76F6-481E-B135-F50BE35A75A7}"
EndProject
Project("{8BC9CEB8-8B4A-11D0-8D11-00A0C91BC942}") = "ConsoleApplication1", "ConsoleApplication1\ConsoleApplication1.vcxproj", "{22A5A6D5-26DE-41F2-BAD4-C48A8402E59C}"
EndProject
Project("{8BC9CEB8-8B4A-11D0-8D11-00A0C91BC942}") = "zuhelei", "zuhelei\zuhelei.vcxproj", "{B8C9CE05-D6A9-4B06-8A99-F797E79BE037}"
EndProject
Project("{8BC9CEB8-8B4A-11D0-8D11-00A0C91BC942}") = "struct", "struct\struct.vcxproj", "{B4B30A41-1FCA-46BF-B82B-15745CFEBF52}"
EndProject
Project("{8BC9CEB8-8B4A-11D0-8D11-00A0C91BC942}") = "zuoyongyu", "zuoyongyu\zuoyongyu.vcxproj", "{4D46DD99-E3DA-4035-97D3-1420E08A9964}"
EndProject
Project("{8BC9CEB8-8B4A-11D0-8D11-00A0C91BC942}") = "static member", "static member\static member.vcxproj", "{B55702E4-A1C2-4CD6-9A32-6102CA65290C}"
EndProject
Project("{8BC9CEB8-8B4A-11D0-8D11-00A0C91BC942}") = "const", "const\const.vcxproj", "{D55A2508-3CA3-4465-A5B7-0486EEAD5D4A}"
EndProject
Project("{8BC9CEB8-8B4A-11D0-8D11-00A0C91BC942}") = "class exp", "class exp\class exp.vcxproj", "{C1145969-9A15-44E4-95F5-A949495CEAD7}"
EndProject
Project("{8BC9CEB8-8B4A-11D0-8D11-00A0C91BC942}") = "array", "numm\numm.vcxproj", "{71D6E121-C0C7-4DFD-A831-706BB7981A30}"
EndProject
Project("{8BC9CEB8-8B4A-11D0-8D11-00A0C91BC942}") = "6-1", "6-1\6-1.vcxproj", "{75697A95-DFCC-4594-B358-E69D55F6F57B}"
EndProject
Project("{8BC9CEB8-8B4A-11D0-8D11-00A0C91BC942}") = "6-2", "6-2\6-2.vcxproj", "{B62AC68F-29F7-42C8-9B7E-6D9F1D769A66}"
EndProject
Project("{8BC9CEB8-8B4A-11D0-8D11-00A0C91BC942}") = "6-3", "6-3\6-3.vcxproj", "{EFF13D12-68EA-4D55-AC63-AC65BE222B4B}"
EndProject
Project("{8BC9CEB8-8B4A-11D0-8D11-00A0C91BC942}") = "6-4", "6-4\6-4.vcxproj", "{A3777904-8C79-4399-8041-E8045400604C}"
EndProject
Project("{8BC9CEB8-8B4A-11D0-8D11-00A0C91BC942}") = "6-5", "6-5\6-5.vcxproj", "{90D42C96-B467-4B86-A2BB-2C8827837990}"
EndProject
Project("{8BC9CEB8-8B4A-11D0-8D11-00A0C91BC942}") = "test", "test\test.vcxproj", "{E19ED01A-AF0C-45A5-B8AF-BD03B35172E8}"
EndProject
Project("{8BC9CEB8-8B4A-11D0-8D11-00A0C91BC942}") = "vector", "vector\vector.vcxproj", "{FB326DF5-B32E-4085-A9B6-1204274634E7}"
EndProject
Project("{8BC9CEB8-8B4A-11D0-8D11-00A0C91BC942}") = "6-16", "6-16\6-16.vcxproj", "{A7645354-ADDB-4507-8858-C8AC8374FBE1}"
EndProject
Project("{8BC9CEB8-8B4A-11D0-8D11-00A0C91BC942}") = "string", "string\string.vcxproj", "{AB4CD8BB-DC51-4B89-B123-C82C33D4052F}"
EndProject
Project("{2150E333-8FDC-42A3-9474-1A3956D46DE8}") = "the six chapter", "the six chapter", "{71400E1F-7FCA-4262-B6A7-08196261C6B7}"
EndProject
Project("{2150E333-8FDC-42A3-9474-1A3956D46DE8}") = "the four chapter", "the four chapter", "{5F5A252F-B71B-4094-BA58-40D25B9155AA}"
EndProject
Project("{2150E333-8FDC-42A3-9474-1A3956D46DE8}") = "the seven chapter", "the seven chapter", "{A87D98E2-1D75-4DAC-A854-40C28BA5313D}"
EndProject
Project("{8BC9CEB8-8B4A-11D0-8D11-00A0C91BC942}") = "7-1", "7-1\7-1.vcxproj", "{F2E11FC8-97D9-4F79-955E-387971EAF8AE}"
EndProject
Project("{8BC9CEB8-8B4A-11D0-8D11-00A0C91BC942}") = "7-3", "7-3\7-3.vcxproj", "{620C8862-9D73-4D22-8394-8108477578B2}"
EndProject
Project("{8BC9CEB8-8B4A-11D0-8D11-00A0C91BC942}") = "补7-3", "补7-3\补7-3.vcxproj", "{59A5A7BD-8989-4B3C-870A-2947017FE7F4}"
EndProject
Project("{8BC9CEB8-8B4A-11D0-8D11-00A0C91BC942}") = "7-4", "7-4\7-4.vcxproj", "{98D7362F-60C1-4ED2-8FAA-41AEAB5008EE}"
EndProject
Project("{8BC9CEB8-8B4A-11D0-8D11-00A0C91BC942}") = "bank", "bank\bank.vcxproj", "{6150084A-A626-4D8A-8A58-275172AE0D52}"
EndProject
Project("{8BC9CEB8-8B4A-11D0-8D11-00A0C91BC942}") = "leftRef", "leftRef\leftRef.vcxproj", "{8FD28A52-BC1A-4559-B581-F2AAA863B734}"
EndProject
Project("{2150E333-8FDC-42A3-9474-1A3956D46DE8}") = "the eight chapter", "the eight chapter", "{A51A2D5D-46E9-43E6-B098-EF9A95CAFAAC}"
EndProject
Project("{8BC9CEB8-8B4A-11D0-8D11-00A0C91BC942}") = "8-1", "8-1\8-1.vcxproj", "{384D07D3-BC23-4684-B5C1-4B7FC355C685}"
EndProject
Project("{8BC9CEB8-8B4A-11D0-8D11-00A0C91BC942}") = "8-2", "8-2\8-2.vcxproj", "{31607288-B892-4940-97AE-9697DEBCE187}"
EndProject
Project("{8BC9CEB8-8B4A-11D0-8D11-00A0C91BC942}") = "7-1-3", "7-1-3\7-1-3.vcxproj", "{C50F9D7B-0B1B-4FC1-A37E-F1CEF2E2B693}"
EndProject
Project("{8BC9CEB8-8B4A-11D0-8D11-00A0C91BC942}") = "matrix-linearEqu", "matrix-linearEqu\matrix-linearEqu.vcxproj", "{89C35F00-03D9-478D-844B-C0E83D34A86F}"
EndProject
Project("{8BC9CEB8-8B4A-11D0-8D11-00A0C91BC942}") = "9-2", "9-2\9-2.vcxproj", "{1342D911-47BC-4F4C-AE09-318730E8FC29}"
EndProject
Project("{8BC9CEB8-8B4A-11D0-8D11-00A0C91BC942}") = "9-2-3", "9-2-3\9-2-3.vcxproj", "{615FEA60-E316-4244-A64C-CA17FEBB544A}"
EndProject
Project("{8BC9CEB8-8B4A-11D0-8D11-00A0C91BC942}") = "mohu", "mohu\mohu.vcxproj", "{E1E02D3F-CE46-4A87-BCAD-EFDC025AE70C}"
EndProject
Project("{8BC9CEB8-8B4A-11D0-8D11-00A0C91BC942}") = "using", "using\using.vcxproj", "{5DE50F6E-70D8-44F4-A8A5-217568B91B28}"
EndProject
Global
	GlobalSection(SolutionConfigurationPlatforms) = preSolution
		Debug|x64 = Debug|x64
		Debug|x86 = Debug|x86
		Release|x64 = Release|x64
		Release|x86 = Release|x86
	EndGlobalSection
	GlobalSection(ProjectConfigurationPlatforms) = postSolution
		{303D8A34-76F6-481E-B135-F50BE35A75A7}.Debug|x64.ActiveCfg = Debug|x64
		{303D8A34-76F6-481E-B135-F50BE35A75A7}.Debug|x64.Build.0 = Debug|x64
		{303D8A34-76F6-481E-B135-F50BE35A75A7}.Debug|x86.ActiveCfg = Debug|Win32
		{303D8A34-76F6-481E-B135-F50BE35A75A7}.Debug|x86.Build.0 = Debug|Win32
		{303D8A34-76F6-481E-B135-F50BE35A75A7}.Release|x64.ActiveCfg = Release|x64
		{303D8A34-76F6-481E-B135-F50BE35A75A7}.Release|x64.Build.0 = Release|x64
		{303D8A34-76F6-481E-B135-F50BE35A75A7}.Release|x86.ActiveCfg = Release|Win32
		{303D8A34-76F6-481E-B135-F50BE35A75A7}.Release|x86.Build.0 = Release|Win32
		{22A5A6D5-26DE-41F2-BAD4-C48A8402E59C}.Debug|x64.ActiveCfg = Debug|x64
		{22A5A6D5-26DE-41F2-BAD4-C48A8402E59C}.Debug|x64.Build.0 = Debug|x64
		{22A5A6D5-26DE-41F2-BAD4-C48A8402E59C}.Debug|x86.ActiveCfg = Debug|Win32
		{22A5A6D5-26DE-41F2-BAD4-C48A8402E59C}.Debug|x86.Build.0 = Debug|Win32
		{22A5A6D5-26DE-41F2-BAD4-C48A8402E59C}.Release|x64.ActiveCfg = Release|x64
		{22A5A6D5-26DE-41F2-BAD4-C48A8402E59C}.Release|x64.Build.0 = Release|x64
		{22A5A6D5-26DE-41F2-BAD4-C48A8402E59C}.Release|x86.ActiveCfg = Release|Win32
		{22A5A6D5-26DE-41F2-BAD4-C48A8402E59C}.Release|x86.Build.0 = Release|Win32
		{B8C9CE05-D6A9-4B06-8A99-F797E79BE037}.Debug|x64.ActiveCfg = Debug|x64
		{B8C9CE05-D6A9-4B06-8A99-F797E79BE037}.Debug|x64.Build.0 = Debug|x64
		{B8C9CE05-D6A9-4B06-8A99-F797E79BE037}.Debug|x86.ActiveCfg = Debug|Win32
		{B8C9CE05-D6A9-4B06-8A99-F797E79BE037}.Debug|x86.Build.0 = Debug|Win32
		{B8C9CE05-D6A9-4B06-8A99-F797E79BE037}.Release|x64.ActiveCfg = Release|x64
		{B8C9CE05-D6A9-4B06-8A99-F797E79BE037}.Release|x64.Build.0 = Release|x64
		{B8C9CE05-D6A9-4B06-8A99-F797E79BE037}.Release|x86.ActiveCfg = Release|Win32
		{B8C9CE05-D6A9-4B06-8A99-F797E79BE037}.Release|x86.Build.0 = Release|Win32
		{B4B30A41-1FCA-46BF-B82B-15745CFEBF52}.Debug|x64.ActiveCfg = Debug|x64
		{B4B30A41-1FCA-46BF-B82B-15745CFEBF52}.Debug|x64.Build.0 = Debug|x64
		{B4B30A41-1FCA-46BF-B82B-15745CFEBF52}.Debug|x86.ActiveCfg = Debug|Win32
		{B4B30A41-1FCA-46BF-B82B-15745CFEBF52}.Debug|x86.Build.0 = Debug|Win32
		{B4B30A41-1FCA-46BF-B82B-15745CFEBF52}.Release|x64.ActiveCfg = Release|x64
		{B4B30A41-1FCA-46BF-B82B-15745CFEBF52}.Release|x64.Build.0 = Release|x64
		{B4B30A41-1FCA-46BF-B82B-15745CFEBF52}.Release|x86.ActiveCfg = Release|Win32
		{B4B30A41-1FCA-46BF-B82B-15745CFEBF52}.Release|x86.Build.0 = Release|Win32
		{4D46DD99-E3DA-4035-97D3-1420E08A9964}.Debug|x64.ActiveCfg = Debug|x64
		{4D46DD99-E3DA-4035-97D3-1420E08A9964}.Debug|x64.Build.0 = Debug|x64
		{4D46DD99-E3DA-4035-97D3-1420E08A9964}.Debug|x86.ActiveCfg = Debug|Win32
		{4D46DD99-E3DA-4035-97D3-1420E08A9964}.Debug|x86.Build.0 = Debug|Win32
		{4D46DD99-E3DA-4035-97D3-1420E08A9964}.Release|x64.ActiveCfg = Release|x64
		{4D46DD99-E3DA-4035-97D3-1420E08A9964}.Release|x64.Build.0 = Release|x64
		{4D46DD99-E3DA-4035-97D3-1420E08A9964}.Release|x86.ActiveCfg = Release|Win32
		{4D46DD99-E3DA-4035-97D3-1420E08A9964}.Release|x86.Build.0 = Release|Win32
		{B55702E4-A1C2-4CD6-9A32-6102CA65290C}.Debug|x64.ActiveCfg = Debug|x64
		{B55702E4-A1C2-4CD6-9A32-6102CA65290C}.Debug|x64.Build.0 = Debug|x64
		{B55702E4-A1C2-4CD6-9A32-6102CA65290C}.Debug|x86.ActiveCfg = Debug|Win32
		{B55702E4-A1C2-4CD6-9A32-6102CA65290C}.Debug|x86.Build.0 = Debug|Win32
		{B55702E4-A1C2-4CD6-9A32-6102CA65290C}.Release|x64.ActiveCfg = Release|x64
		{B55702E4-A1C2-4CD6-9A32-6102CA65290C}.Release|x64.Build.0 = Release|x64
		{B55702E4-A1C2-4CD6-9A32-6102CA65290C}.Release|x86.ActiveCfg = Release|Win32
		{B55702E4-A1C2-4CD6-9A32-6102CA65290C}.Release|x86.Build.0 = Release|Win32
		{D55A2508-3CA3-4465-A5B7-0486EEAD5D4A}.Debug|x64.ActiveCfg = Debug|x64
		{D55A2508-3CA3-4465-A5B7-0486EEAD5D4A}.Debug|x64.Build.0 = Debug|x64
		{D55A2508-3CA3-4465-A5B7-0486EEAD5D4A}.Debug|x86.ActiveCfg = Debug|Win32
		{D55A2508-3CA3-4465-A5B7-0486EEAD5D4A}.Debug|x86.Build.0 = Debug|Win32
		{D55A2508-3CA3-4465-A5B7-0486EEAD5D4A}.Release|x64.ActiveCfg = Release|x64
		{D55A2508-3CA3-4465-A5B7-0486EEAD5D4A}.Release|x64.Build.0 = Release|x64
		{D55A2508-3CA3-4465-A5B7-0486EEAD5D4A}.Release|x86.ActiveCfg = Release|Win32
		{D55A2508-3CA3-4465-A5B7-0486EEAD5D4A}.Release|x86.Build.0 = Release|Win32
		{C1145969-9A15-44E4-95F5-A949495CEAD7}.Debug|x64.ActiveCfg = Debug|x64
		{C1145969-9A15-44E4-95F5-A949495CEAD7}.Debug|x64.Build.0 = Debug|x64
		{C1145969-9A15-44E4-95F5-A949495CEAD7}.Debug|x86.ActiveCfg = Debug|Win32
		{C1145969-9A15-44E4-95F5-A949495CEAD7}.Debug|x86.Build.0 = Debug|Win32
		{C1145969-9A15-44E4-95F5-A949495CEAD7}.Release|x64.ActiveCfg = Release|x64
		{C1145969-9A15-44E4-95F5-A949495CEAD7}.Release|x64.Build.0 = Release|x64
		{C1145969-9A15-44E4-95F5-A949495CEAD7}.Release|x86.ActiveCfg = Release|Win32
		{C1145969-9A15-44E4-95F5-A949495CEAD7}.Release|x86.Build.0 = Release|Win32
		{71D6E121-C0C7-4DFD-A831-706BB7981A30}.Debug|x64.ActiveCfg = Debug|x64
		{71D6E121-C0C7-4DFD-A831-706BB7981A30}.Debug|x64.Build.0 = Debug|x64
		{71D6E121-C0C7-4DFD-A831-706BB7981A30}.Debug|x86.ActiveCfg = Debug|Win32
		{71D6E121-C0C7-4DFD-A831-706BB7981A30}.Debug|x86.Build.0 = Debug|Win32
		{71D6E121-C0C7-4DFD-A831-706BB7981A30}.Release|x64.ActiveCfg = Release|x64
		{71D6E121-C0C7-4DFD-A831-706BB7981A30}.Release|x64.Build.0 = Release|x64
		{71D6E121-C0C7-4DFD-A831-706BB7981A30}.Release|x86.ActiveCfg = Release|Win32
		{71D6E121-C0C7-4DFD-A831-706BB7981A30}.Release|x86.Build.0 = Release|Win32
		{75697A95-DFCC-4594-B358-E69D55F6F57B}.Debug|x64.ActiveCfg = Debug|x64
		{75697A95-DFCC-4594-B358-E69D55F6F57B}.Debug|x64.Build.0 = Debug|x64
		{75697A95-DFCC-4594-B358-E69D55F6F57B}.Debug|x86.ActiveCfg = Debug|Win32
		{75697A95-DFCC-4594-B358-E69D55F6F57B}.Debug|x86.Build.0 = Debug|Win32
		{75697A95-DFCC-4594-B358-E69D55F6F57B}.Release|x64.ActiveCfg = Release|x64
		{75697A95-DFCC-4594-B358-E69D55F6F57B}.Release|x64.Build.0 = Release|x64
		{75697A95-DFCC-4594-B358-E69D55F6F57B}.Release|x86.ActiveCfg = Release|Win32
		{75697A95-DFCC-4594-B358-E69D55F6F57B}.Release|x86.Build.0 = Release|Win32
		{B62AC68F-29F7-42C8-9B7E-6D9F1D769A66}.Debug|x64.ActiveCfg = Debug|x64
		{B62AC68F-29F7-42C8-9B7E-6D9F1D769A66}.Debug|x64.Build.0 = Debug|x64
		{B62AC68F-29F7-42C8-9B7E-6D9F1D769A66}.Debug|x86.ActiveCfg = Debug|Win32
		{B62AC68F-29F7-42C8-9B7E-6D9F1D769A66}.Debug|x86.Build.0 = Debug|Win32
		{B62AC68F-29F7-42C8-9B7E-6D9F1D769A66}.Release|x64.ActiveCfg = Release|x64
		{B62AC68F-29F7-42C8-9B7E-6D9F1D769A66}.Release|x64.Build.0 = Release|x64
		{B62AC68F-29F7-42C8-9B7E-6D9F1D769A66}.Release|x86.ActiveCfg = Release|Win32
		{B62AC68F-29F7-42C8-9B7E-6D9F1D769A66}.Release|x86.Build.0 = Release|Win32
		{EFF13D12-68EA-4D55-AC63-AC65BE222B4B}.Debug|x64.ActiveCfg = Debug|x64
		{EFF13D12-68EA-4D55-AC63-AC65BE222B4B}.Debug|x64.Build.0 = Debug|x64
		{EFF13D12-68EA-4D55-AC63-AC65BE222B4B}.Debug|x86.ActiveCfg = Debug|Win32
		{EFF13D12-68EA-4D55-AC63-AC65BE222B4B}.Debug|x86.Build.0 = Debug|Win32
		{EFF13D12-68EA-4D55-AC63-AC65BE222B4B}.Release|x64.ActiveCfg = Release|x64
		{EFF13D12-68EA-4D55-AC63-AC65BE222B4B}.Release|x64.Build.0 = Release|x64
		{EFF13D12-68EA-4D55-AC63-AC65BE222B4B}.Release|x86.ActiveCfg = Release|Win32
		{EFF13D12-68EA-4D55-AC63-AC65BE222B4B}.Release|x86.Build.0 = Release|Win32
		{A3777904-8C79-4399-8041-E8045400604C}.Debug|x64.ActiveCfg = Debug|x64
		{A3777904-8C79-4399-8041-E8045400604C}.Debug|x64.Build.0 = Debug|x64
		{A3777904-8C79-4399-8041-E8045400604C}.Debug|x86.ActiveCfg = Debug|Win32
		{A3777904-8C79-4399-8041-E8045400604C}.Debug|x86.Build.0 = Debug|Win32
		{A3777904-8C79-4399-8041-E8045400604C}.Release|x64.ActiveCfg = Release|x64
		{A3777904-8C79-4399-8041-E8045400604C}.Release|x64.Build.0 = Release|x64
		{A3777904-8C79-4399-8041-E8045400604C}.Release|x86.ActiveCfg = Release|Win32
		{A3777904-8C79-4399-8041-E8045400604C}.Release|x86.Build.0 = Release|Win32
		{90D42C96-B467-4B86-A2BB-2C8827837990}.Debug|x64.ActiveCfg = Debug|x64
		{90D42C96-B467-4B86-A2BB-2C8827837990}.Debug|x64.Build.0 = Debug|x64
		{90D42C96-B467-4B86-A2BB-2C8827837990}.Debug|x86.ActiveCfg = Debug|Win32
		{90D42C96-B467-4B86-A2BB-2C8827837990}.Debug|x86.Build.0 = Debug|Win32
		{90D42C96-B467-4B86-A2BB-2C8827837990}.Release|x64.ActiveCfg = Release|x64
		{90D42C96-B467-4B86-A2BB-2C8827837990}.Release|x64.Build.0 = Release|x64
		{90D42C96-B467-4B86-A2BB-2C8827837990}.Release|x86.ActiveCfg = Release|Win32
		{90D42C96-B467-4B86-A2BB-2C8827837990}.Release|x86.Build.0 = Release|Win32
		{E19ED01A-AF0C-45A5-B8AF-BD03B35172E8}.Debug|x64.ActiveCfg = Debug|x64
		{E19ED01A-AF0C-45A5-B8AF-BD03B35172E8}.Debug|x64.Build.0 = Debug|x64
		{E19ED01A-AF0C-45A5-B8AF-BD03B35172E8}.Debug|x86.ActiveCfg = Debug|Win32
		{E19ED01A-AF0C-45A5-B8AF-BD03B35172E8}.Debug|x86.Build.0 = Debug|Win32
		{E19ED01A-AF0C-45A5-B8AF-BD03B35172E8}.Release|x64.ActiveCfg = Release|x64
		{E19ED01A-AF0C-45A5-B8AF-BD03B35172E8}.Release|x64.Build.0 = Release|x64
		{E19ED01A-AF0C-45A5-B8AF-BD03B35172E8}.Release|x86.ActiveCfg = Release|Win32
		{E19ED01A-AF0C-45A5-B8AF-BD03B35172E8}.Release|x86.Build.0 = Release|Win32
		{FB326DF5-B32E-4085-A9B6-1204274634E7}.Debug|x64.ActiveCfg = Debug|x64
		{FB326DF5-B32E-4085-A9B6-1204274634E7}.Debug|x64.Build.0 = Debug|x64
		{FB326DF5-B32E-4085-A9B6-1204274634E7}.Debug|x86.ActiveCfg = Debug|Win32
		{FB326DF5-B32E-4085-A9B6-1204274634E7}.Debug|x86.Build.0 = Debug|Win32
		{FB326DF5-B32E-4085-A9B6-1204274634E7}.Release|x64.ActiveCfg = Release|x64
		{FB326DF5-B32E-4085-A9B6-1204274634E7}.Release|x64.Build.0 = Release|x64
		{FB326DF5-B32E-4085-A9B6-1204274634E7}.Release|x86.ActiveCfg = Release|Win32
		{FB326DF5-B32E-4085-A9B6-1204274634E7}.Release|x86.Build.0 = Release|Win32
		{A7645354-ADDB-4507-8858-C8AC8374FBE1}.Debug|x64.ActiveCfg = Debug|x64
		{A7645354-ADDB-4507-8858-C8AC8374FBE1}.Debug|x64.Build.0 = Debug|x64
		{A7645354-ADDB-4507-8858-C8AC8374FBE1}.Debug|x86.ActiveCfg = Debug|Win32
		{A7645354-ADDB-4507-8858-C8AC8374FBE1}.Debug|x86.Build.0 = Debug|Win32
		{A7645354-ADDB-4507-8858-C8AC8374FBE1}.Release|x64.ActiveCfg = Release|x64
		{A7645354-ADDB-4507-8858-C8AC8374FBE1}.Release|x64.Build.0 = Release|x64
		{A7645354-ADDB-4507-8858-C8AC8374FBE1}.Release|x86.ActiveCfg = Release|Win32
		{A7645354-ADDB-4507-8858-C8AC8374FBE1}.Release|x86.Build.0 = Release|Win32
		{AB4CD8BB-DC51-4B89-B123-C82C33D4052F}.Debug|x64.ActiveCfg = Debug|x64
		{AB4CD8BB-DC51-4B89-B123-C82C33D4052F}.Debug|x64.Build.0 = Debug|x64
		{AB4CD8BB-DC51-4B89-B123-C82C33D4052F}.Debug|x86.ActiveCfg = Debug|Win32
		{AB4CD8BB-DC51-4B89-B123-C82C33D4052F}.Debug|x86.Build.0 = Debug|Win32
		{AB4CD8BB-DC51-4B89-B123-C82C33D4052F}.Release|x64.ActiveCfg = Release|x64
		{AB4CD8BB-DC51-4B89-B123-C82C33D4052F}.Release|x64.Build.0 = Release|x64
		{AB4CD8BB-DC51-4B89-B123-C82C33D4052F}.Release|x86.ActiveCfg = Release|Win32
		{AB4CD8BB-DC51-4B89-B123-C82C33D4052F}.Release|x86.Build.0 = Release|Win32
		{F2E11FC8-97D9-4F79-955E-387971EAF8AE}.Debug|x64.ActiveCfg = Debug|x64
		{F2E11FC8-97D9-4F79-955E-387971EAF8AE}.Debug|x64.Build.0 = Debug|x64
		{F2E11FC8-97D9-4F79-955E-387971EAF8AE}.Debug|x86.ActiveCfg = Debug|Win32
		{F2E11FC8-97D9-4F79-955E-387971EAF8AE}.Debug|x86.Build.0 = Debug|Win32
		{F2E11FC8-97D9-4F79-955E-387971EAF8AE}.Release|x64.ActiveCfg = Release|x64
		{F2E11FC8-97D9-4F79-955E-387971EAF8AE}.Release|x64.Build.0 = Release|x64
		{F2E11FC8-97D9-4F79-955E-387971EAF8AE}.Release|x86.ActiveCfg = Release|Win32
		{F2E11FC8-97D9-4F79-955E-387971EAF8AE}.Release|x86.Build.0 = Release|Win32
		{620C8862-9D73-4D22-8394-8108477578B2}.Debug|x64.ActiveCfg = Debug|x64
		{620C8862-9D73-4D22-8394-8108477578B2}.Debug|x64.Build.0 = Debug|x64
		{620C8862-9D73-4D22-8394-8108477578B2}.Debug|x86.ActiveCfg = Debug|Win32
		{620C8862-9D73-4D22-8394-8108477578B2}.Debug|x86.Build.0 = Debug|Win32
		{620C8862-9D73-4D22-8394-8108477578B2}.Release|x64.ActiveCfg = Release|x64
		{620C8862-9D73-4D22-8394-8108477578B2}.Release|x64.Build.0 = Release|x64
		{620C8862-9D73-4D22-8394-8108477578B2}.Release|x86.ActiveCfg = Release|Win32
		{620C8862-9D73-4D22-8394-8108477578B2}.Release|x86.Build.0 = Release|Win32
		{59A5A7BD-8989-4B3C-870A-2947017FE7F4}.Debug|x64.ActiveCfg = Debug|x64
		{59A5A7BD-8989-4B3C-870A-2947017FE7F4}.Debug|x64.Build.0 = Debug|x64
		{59A5A7BD-8989-4B3C-870A-2947017FE7F4}.Debug|x86.ActiveCfg = Debug|Win32
		{59A5A7BD-8989-4B3C-870A-2947017FE7F4}.Debug|x86.Build.0 = Debug|Win32
		{59A5A7BD-8989-4B3C-870A-2947017FE7F4}.Release|x64.ActiveCfg = Release|x64
		{59A5A7BD-8989-4B3C-870A-2947017FE7F4}.Release|x64.Build.0 = Release|x64
		{59A5A7BD-8989-4B3C-870A-2947017FE7F4}.Release|x86.ActiveCfg = Release|Win32
		{59A5A7BD-8989-4B3C-870A-2947017FE7F4}.Release|x86.Build.0 = Release|Win32
		{98D7362F-60C1-4ED2-8FAA-41AEAB5008EE}.Debug|x64.ActiveCfg = Debug|x64
		{98D7362F-60C1-4ED2-8FAA-41AEAB5008EE}.Debug|x64.Build.0 = Debug|x64
		{98D7362F-60C1-4ED2-8FAA-41AEAB5008EE}.Debug|x86.ActiveCfg = Debug|Win32
		{98D7362F-60C1-4ED2-8FAA-41AEAB5008EE}.Debug|x86.Build.0 = Debug|Win32
		{98D7362F-60C1-4ED2-8FAA-41AEAB5008EE}.Release|x64.ActiveCfg = Release|x64
		{98D7362F-60C1-4ED2-8FAA-41AEAB5008EE}.Release|x64.Build.0 = Release|x64
		{98D7362F-60C1-4ED2-8FAA-41AEAB5008EE}.Release|x86.ActiveCfg = Release|Win32
		{98D7362F-60C1-4ED2-8FAA-41AEAB5008EE}.Release|x86.Build.0 = Release|Win32
		{6150084A-A626-4D8A-8A58-275172AE0D52}.Debug|x64.ActiveCfg = Debug|x64
		{6150084A-A626-4D8A-8A58-275172AE0D52}.Debug|x64.Build.0 = Debug|x64
		{6150084A-A626-4D8A-8A58-275172AE0D52}.Debug|x86.ActiveCfg = Debug|Win32
		{6150084A-A626-4D8A-8A58-275172AE0D52}.Debug|x86.Build.0 = Debug|Win32
		{6150084A-A626-4D8A-8A58-275172AE0D52}.Release|x64.ActiveCfg = Release|x64
		{6150084A-A626-4D8A-8A58-275172AE0D52}.Release|x64.Build.0 = Release|x64
		{6150084A-A626-4D8A-8A58-275172AE0D52}.Release|x86.ActiveCfg = Release|Win32
		{6150084A-A626-4D8A-8A58-275172AE0D52}.Release|x86.Build.0 = Release|Win32
		{8FD28A52-BC1A-4559-B581-F2AAA863B734}.Debug|x64.ActiveCfg = Debug|x64
		{8FD28A52-BC1A-4559-B581-F2AAA863B734}.Debug|x64.Build.0 = Debug|x64
		{8FD28A52-BC1A-4559-B581-F2AAA863B734}.Debug|x86.ActiveCfg = Debug|Win32
		{8FD28A52-BC1A-4559-B581-F2AAA863B734}.Debug|x86.Build.0 = Debug|Win32
		{8FD28A52-BC1A-4559-B581-F2AAA863B734}.Release|x64.ActiveCfg = Release|x64
		{8FD28A52-BC1A-4559-B581-F2AAA863B734}.Release|x64.Build.0 = Release|x64
		{8FD28A52-BC1A-4559-B581-F2AAA863B734}.Release|x86.ActiveCfg = Release|Win32
		{8FD28A52-BC1A-4559-B581-F2AAA863B734}.Release|x86.Build.0 = Release|Win32
		{384D07D3-BC23-4684-B5C1-4B7FC355C685}.Debug|x64.ActiveCfg = Debug|x64
		{384D07D3-BC23-4684-B5C1-4B7FC355C685}.Debug|x64.Build.0 = Debug|x64
		{384D07D3-BC23-4684-B5C1-4B7FC355C685}.Debug|x86.ActiveCfg = Debug|Win32
		{384D07D3-BC23-4684-B5C1-4B7FC355C685}.Debug|x86.Build.0 = Debug|Win32
		{384D07D3-BC23-4684-B5C1-4B7FC355C685}.Release|x64.ActiveCfg = Release|x64
		{384D07D3-BC23-4684-B5C1-4B7FC355C685}.Release|x64.Build.0 = Release|x64
		{384D07D3-BC23-4684-B5C1-4B7FC355C685}.Release|x86.ActiveCfg = Release|Win32
		{384D07D3-BC23-4684-B5C1-4B7FC355C685}.Release|x86.Build.0 = Release|Win32
		{31607288-B892-4940-97AE-9697DEBCE187}.Debug|x64.ActiveCfg = Debug|x64
		{31607288-B892-4940-97AE-9697DEBCE187}.Debug|x64.Build.0 = Debug|x64
		{31607288-B892-4940-97AE-9697DEBCE187}.Debug|x86.ActiveCfg = Debug|Win32
		{31607288-B892-4940-97AE-9697DEBCE187}.Debug|x86.Build.0 = Debug|Win32
		{31607288-B892-4940-97AE-9697DEBCE187}.Release|x64.ActiveCfg = Release|x64
		{31607288-B892-4940-97AE-9697DEBCE187}.Release|x64.Build.0 = Release|x64
		{31607288-B892-4940-97AE-9697DEBCE187}.Release|x86.ActiveCfg = Release|Win32
		{31607288-B892-4940-97AE-9697DEBCE187}.Release|x86.Build.0 = Release|Win32
		{C50F9D7B-0B1B-4FC1-A37E-F1CEF2E2B693}.Debug|x64.ActiveCfg = Debug|x64
		{C50F9D7B-0B1B-4FC1-A37E-F1CEF2E2B693}.Debug|x64.Build.0 = Debug|x64
		{C50F9D7B-0B1B-4FC1-A37E-F1CEF2E2B693}.Debug|x86.ActiveCfg = Debug|Win32
		{C50F9D7B-0B1B-4FC1-A37E-F1CEF2E2B693}.Debug|x86.Build.0 = Debug|Win32
		{C50F9D7B-0B1B-4FC1-A37E-F1CEF2E2B693}.Release|x64.ActiveCfg = Release|x64
		{C50F9D7B-0B1B-4FC1-A37E-F1CEF2E2B693}.Release|x64.Build.0 = Release|x64
		{C50F9D7B-0B1B-4FC1-A37E-F1CEF2E2B693}.Release|x86.ActiveCfg = Release|Win32
		{C50F9D7B-0B1B-4FC1-A37E-F1CEF2E2B693}.Release|x86.Build.0 = Release|Win32
		{89C35F00-03D9-478D-844B-C0E83D34A86F}.Debug|x64.ActiveCfg = Debug|x64
		{89C35F00-03D9-478D-844B-C0E83D34A86F}.Debug|x64.Build.0 = Debug|x64
		{89C35F00-03D9-478D-844B-C0E83D34A86F}.Debug|x86.ActiveCfg = Debug|Win32
		{89C35F00-03D9-478D-844B-C0E83D34A86F}.Debug|x86.Build.0 = Debug|Win32
		{89C35F00-03D9-478D-844B-C0E83D34A86F}.Release|x64.ActiveCfg = Release|x64
		{89C35F00-03D9-478D-844B-C0E83D34A86F}.Release|x64.Build.0 = Release|x64
		{89C35F00-03D9-478D-844B-C0E83D34A86F}.Release|x86.ActiveCfg = Release|Win32
		{89C35F00-03D9-478D-844B-C0E83D34A86F}.Release|x86.Build.0 = Release|Win32
		{1342D911-47BC-4F4C-AE09-318730E8FC29}.Debug|x64.ActiveCfg = Debug|x64
		{1342D911-47BC-4F4C-AE09-318730E8FC29}.Debug|x64.Build.0 = Debug|x64
		{1342D911-47BC-4F4C-AE09-318730E8FC29}.Debug|x86.ActiveCfg = Debug|Win32
		{1342D911-47BC-4F4C-AE09-318730E8FC29}.Debug|x86.Build.0 = Debug|Win32
		{1342D911-47BC-4F4C-AE09-318730E8FC29}.Release|x64.ActiveCfg = Release|x64
		{1342D911-47BC-4F4C-AE09-318730E8FC29}.Release|x64.Build.0 = Release|x64
		{1342D911-47BC-4F4C-AE09-318730E8FC29}.Release|x86.ActiveCfg = Release|Win32
		{1342D911-47BC-4F4C-AE09-318730E8FC29}.Release|x86.Build.0 = Release|Win32
		{615FEA60-E316-4244-A64C-CA17FEBB544A}.Debug|x64.ActiveCfg = Debug|x64
		{615FEA60-E316-4244-A64C-CA17FEBB544A}.Debug|x64.Build.0 = Debug|x64
		{615FEA60-E316-4244-A64C-CA17FEBB544A}.Debug|x86.ActiveCfg = Debug|Win32
		{615FEA60-E316-4244-A64C-CA17FEBB544A}.Debug|x86.Build.0 = Debug|Win32
		{615FEA60-E316-4244-A64C-CA17FEBB544A}.Release|x64.ActiveCfg = Release|x64
		{615FEA60-E316-4244-A64C-CA17FEBB544A}.Release|x64.Build.0 = Release|x64
		{615FEA60-E316-4244-A64C-CA17FEBB544A}.Release|x86.ActiveCfg = Release|Win32
		{615FEA60-E316-4244-A64C-CA17FEBB544A}.Release|x86.Build.0 = Release|Win32
		{E1E02D3F-CE46-4A87-BCAD-EFDC025AE70C}.Debug|x64.ActiveCfg = Debug|x64
		{E1E02D3F-CE46-4A87-BCAD-EFDC025AE70C}.Debug|x64.Build.0 = Debug|x64
		{E1E02D3F-CE46-4A87-BCAD-EFDC025AE70C}.Debug|x86.ActiveCfg = Debug|Win32
		{E1E02D3F-CE46-4A87-BCAD-EFDC025AE70C}.Debug|x86.Build.0 = Debug|Win32
		{E1E02D3F-CE46-4A87-BCAD-EFDC025AE70C}.Release|x64.ActiveCfg = Release|x64
		{E1E02D3F-CE46-4A87-BCAD-EFDC025AE70C}.Release|x64.Build.0 = Release|x64
		{E1E02D3F-CE46-4A87-BCAD-EFDC025AE70C}.Release|x86.ActiveCfg = Release|Win32
		{E1E02D3F-CE46-4A87-BCAD-EFDC025AE70C}.Release|x86.Build.0 = Release|Win32
		{5DE50F6E-70D8-44F4-A8A5-217568B91B28}.Debug|x64.ActiveCfg = Debug|x64
		{5DE50F6E-70D8-44F4-A8A5-217568B91B28}.Debug|x64.Build.0 = Debug|x64
		{5DE50F6E-70D8-44F4-A8A5-217568B91B28}.Debug|x86.ActiveCfg = Debug|Win32
		{5DE50F6E-70D8-44F4-A8A5-217568B91B28}.Debug|x86.Build.0 = Debug|Win32
		{5DE50F6E-70D8-44F4-A8A5-217568B91B28}.Release|x64.ActiveCfg = Release|x64
		{5DE50F6E-70D8-44F4-A8A5-217568B91B28}.Release|x64.Build.0 = Release|x64
		{5DE50F6E-70D8-44F4-A8A5-217568B91B28}.Release|x86.ActiveCfg = Release|Win32
		{5DE50F6E-70D8-44F4-A8A5-217568B91B28}.Release|x86.Build.0 = Release|Win32
	EndGlobalSection
	GlobalSection(SolutionProperties) = preSolution
		HideSolutionNode = FALSE
	EndGlobalSection
	GlobalSection(NestedProjects) = preSolution
		{B8C9CE05-D6A9-4B06-8A99-F797E79BE037} = {5F5A252F-B71B-4094-BA58-40D25B9155AA}
		{B4B30A41-1FCA-46BF-B82B-15745CFEBF52} = {5F5A252F-B71B-4094-BA58-40D25B9155AA}
		{4D46DD99-E3DA-4035-97D3-1420E08A9964} = {5F5A252F-B71B-4094-BA58-40D25B9155AA}
		{71D6E121-C0C7-4DFD-A831-706BB7981A30} = {71400E1F-7FCA-4262-B6A7-08196261C6B7}
		{75697A95-DFCC-4594-B358-E69D55F6F57B} = {71400E1F-7FCA-4262-B6A7-08196261C6B7}
		{B62AC68F-29F7-42C8-9B7E-6D9F1D769A66} = {71400E1F-7FCA-4262-B6A7-08196261C6B7}
		{EFF13D12-68EA-4D55-AC63-AC65BE222B4B} = {71400E1F-7FCA-4262-B6A7-08196261C6B7}
		{A3777904-8C79-4399-8041-E8045400604C} = {71400E1F-7FCA-4262-B6A7-08196261C6B7}
		{90D42C96-B467-4B86-A2BB-2C8827837990} = {71400E1F-7FCA-4262-B6A7-08196261C6B7}
		{E19ED01A-AF0C-45A5-B8AF-BD03B35172E8} = {71400E1F-7FCA-4262-B6A7-08196261C6B7}
		{FB326DF5-B32E-4085-A9B6-1204274634E7} = {71400E1F-7FCA-4262-B6A7-08196261C6B7}
		{A7645354-ADDB-4507-8858-C8AC8374FBE1} = {71400E1F-7FCA-4262-B6A7-08196261C6B7}
		{AB4CD8BB-DC51-4B89-B123-C82C33D4052F} = {71400E1F-7FCA-4262-B6A7-08196261C6B7}
		{F2E11FC8-97D9-4F79-955E-387971EAF8AE} = {A87D98E2-1D75-4DAC-A854-40C28BA5313D}
		{620C8862-9D73-4D22-8394-8108477578B2} = {A87D98E2-1D75-4DAC-A854-40C28BA5313D}
		{59A5A7BD-8989-4B3C-870A-2947017FE7F4} = {A87D98E2-1D75-4DAC-A854-40C28BA5313D}
		{98D7362F-60C1-4ED2-8FAA-41AEAB5008EE} = {A87D98E2-1D75-4DAC-A854-40C28BA5313D}
		{384D07D3-BC23-4684-B5C1-4B7FC355C685} = {A51A2D5D-46E9-43E6-B098-EF9A95CAFAAC}
		{31607288-B892-4940-97AE-9697DEBCE187} = {A51A2D5D-46E9-43E6-B098-EF9A95CAFAAC}
		{C50F9D7B-0B1B-4FC1-A37E-F1CEF2E2B693} = {A87D98E2-1D75-4DAC-A854-40C28BA5313D}
	EndGlobalSection
	GlobalSection(ExtensibilityGlobals) = postSolution
		SolutionGuid = {93120F67-06D1-435F-AD7B-8503B7C5891C}
	EndGlobalSection
EndGlobal
